PODS:
  - cunning_document_scanner (1.0.0):
    - Flutter
  - Flutter (1.0.0)
  - permission_handler_apple (9.3.0):
    - Flutter

DEPENDENCIES:
  - cunning_document_scanner (from `.symlinks/plugins/cunning_document_scanner/ios`)
  - Flutter (from `Flutter`)
  - permission_handler_apple (from `.symlinks/plugins/permission_handler_apple/ios`)

EXTERNAL SOURCES:
  cunning_document_scanner:
    :path: ".symlinks/plugins/cunning_document_scanner/ios"
  Flutter:
    :path: Flutter
  permission_handler_apple:
    :path: ".symlinks/plugins/permission_handler_apple/ios"

SPEC CHECKSUMS:
  cunning_document_scanner: 43a2bda11ef6a33fd68766b287ed056b4caf6a06
  Flutter: cabc95a1d2626b1b06e7179b784ebcf0c0cde467
  permission_handler_apple: 4ed2196e43d0651e8ff7ca3483a069d469701f2d

PODFILE CHECKSUM: 078ba04d5447ba322d93d58ece103a2286f14d51

COCOAPODS: 1.16.2
